
Microsoft Visual Studio Solution File, Format Version 12.00
# Visual Studio Version 17
VisualStudioVersion = 17.6.33829.357
MinimumVisualStudioVersion = 10.0.40219.1
Project("{9A19103F-16F7-4668-BE54-9A1E7A4F7556}") = "SMM2SaveEditor", "SMM2SaveEditor.csproj", "{0D1EBDBD-9F47-409F-88FD-B8C35B9D4EB4}"
EndProject
Global
	GlobalSection(SolutionConfigurationPlatforms) = preSolution
		Debug|Any CPU = Debug|Any CPU
		Release|Any CPU = Release|Any CPU
	EndGlobalSection
	GlobalSection(ProjectConfigurationPlatforms) = postSolution
		{0D1EBDBD-9F47-409F-88FD-B8C35B9D4EB4}.Debug|Any CPU.ActiveCfg = Debug|Any CPU
		{0D1EBDBD-9F47-409F-88FD-B8C35B9D4EB4}.Debug|Any CPU.Build.0 = Debug|Any CPU
		{0D1EBDBD-9F47-409F-88FD-B8C35B9D4EB4}.Release|Any CPU.ActiveCfg = Release|Any CPU
		{0D1EBDBD-9F47-409F-88FD-B8C35B9D4EB4}.Release|Any CPU.Build.0 = Release|Any CPU
	EndGlobalSection
	GlobalSection(SolutionProperties) = preSolution
		HideSolutionNode = FALSE
	EndGlobalSection
	GlobalSection(ExtensibilityGlobals) = postSolution
		SolutionGuid = {79460303-3AD7-49C6-8666-EAB1EE0FBB22}
	EndGlobalSection
EndGlobal
